# THIS IS AN AUTOGENERATED FILE. DO NOT EDIT THIS FILE DIRECTLY.
# yarn lockfile v1


array-sort@^1.0.0:
  version "1.0.0"
  resolved "https://registry.yarnpkg.com/array-sort/-/array-sort-1.0.0.tgz#e4c05356453f56f53512a7d1d6123f2c54c0a88a"
  dependencies:
    default-compare "^1.0.0"
    get-value "^2.0.6"
    kind-of "^5.0.2"

default-compare@^1.0.0:
  version "1.0.0"
  resolved "https://registry.yarnpkg.com/default-compare/-/default-compare-1.0.0.tgz#cb61131844ad84d84788fb68fd01681ca7781a2f"
  dependencies:
    kind-of "^5.0.2"

get-value@^2.0.6:
  version "2.0.6"
  resolved "https://registry.yarnpkg.com/get-value/-/get-value-2.0.6.tgz#dc15ca1c672387ca76bd37ac0a395ba2042a2c28"

kind-of@^5.0.2:
  version "5.1.0"
  resolved "https://registry.yarnpkg.com/kind-of/-/kind-of-5.1.0.tgz#729c91e2d857b7a419a1f9aa65685c4c33f5845d"

node-bin-setup@^1.0.0:
  version "1.0.6"
  resolved "https://registry.yarnpkg.com/node-bin-setup/-/node-bin-setup-1.0.6.tgz#4b5c9bb937ece702d7069b36ca78af4684677528"

node@^11.1.0:
  version "11.1.0"
  resolved "https://registry.yarnpkg.com/node/-/node-11.1.0.tgz#2ba9e4184007841b42d17fd2fe1dbaa36467db02"
  dependencies:
    node-bin-setup "^1.0.0"
